
Microsoft Visual Studio Solution File, Format Version 12.00
# Visual Studio Version 16
VisualStudioVersion = 16.0.29123.88
MinimumVisualStudioVersion = 10.0.40219.1
Project("{FAE04EC0-301F-11D3-BF4B-00C04F79EFBC}") = "HotsApiJSON", "HotsApiJSON\HotsApiJSON.csproj", "{13751304-8C54-4C39-9A0C-C002AE0E1FE6}"
EndProject
Project("{FAE04EC0-301F-11D3-BF4B-00C04F79EFBC}") = "LambdaJson", "LambdaJson\LambdaJson.csproj", "{E2943F81-DAB7-4E9D-B000-86D098605BC1}"
EndProject
Project("{FAE04EC0-301F-11D3-BF4B-00C04F79EFBC}") = "HeroesProfile-Backend", "HeroesProfile-Backend\HeroesProfile-Backend.csproj", "{BD344FE9-8F18-4EAC-B3DD-DAAEFE3DBD25}"
EndProject
Global
	GlobalSection(SolutionConfigurationPlatforms) = preSolution
		Debug|Any CPU = Debug|Any CPU
		Release|Any CPU = Release|Any CPU
	EndGlobalSection
	GlobalSection(ProjectConfigurationPlatforms) = postSolution
		{13751304-8C54-4C39-9A0C-C002AE0E1FE6}.Debug|Any CPU.ActiveCfg = Debug|Any CPU
		{13751304-8C54-4C39-9A0C-C002AE0E1FE6}.Debug|Any CPU.Build.0 = Debug|Any CPU
		{13751304-8C54-4C39-9A0C-C002AE0E1FE6}.Release|Any CPU.ActiveCfg = Release|Any CPU
		{13751304-8C54-4C39-9A0C-C002AE0E1FE6}.Release|Any CPU.Build.0 = Release|Any CPU
		{E2943F81-DAB7-4E9D-B000-86D098605BC1}.Debug|Any CPU.ActiveCfg = Debug|Any CPU
		{E2943F81-DAB7-4E9D-B000-86D098605BC1}.Debug|Any CPU.Build.0 = Debug|Any CPU
		{E2943F81-DAB7-4E9D-B000-86D098605BC1}.Release|Any CPU.ActiveCfg = Release|Any CPU
		{E2943F81-DAB7-4E9D-B000-86D098605BC1}.Release|Any CPU.Build.0 = Release|Any CPU
		{BD344FE9-8F18-4EAC-B3DD-DAAEFE3DBD25}.Debug|Any CPU.ActiveCfg = Debug|Any CPU
		{BD344FE9-8F18-4EAC-B3DD-DAAEFE3DBD25}.Debug|Any CPU.Build.0 = Debug|Any CPU
		{BD344FE9-8F18-4EAC-B3DD-DAAEFE3DBD25}.Release|Any CPU.ActiveCfg = Release|Any CPU
		{BD344FE9-8F18-4EAC-B3DD-DAAEFE3DBD25}.Release|Any CPU.Build.0 = Release|Any CPU
	EndGlobalSection
	GlobalSection(SolutionProperties) = preSolution
		HideSolutionNode = FALSE
	EndGlobalSection
	GlobalSection(ExtensibilityGlobals) = postSolution
		SolutionGuid = {0FCDB1A3-F31E-4E1F-B506-163F456D4812}
	EndGlobalSection
EndGlobal
